
Microsoft Visual Studio Solution File, Format Version 12.00
# Visual Studio Version 17
VisualStudioVersion = 17.14.36811.4
MinimumVisualStudioVersion = 10.0.40219.1
Project("{8BC9CEB8-8B4A-11D0-8D11-00A0C91BC942}") = "Sandbox", "Sandbox\Sandbox.vcxproj", "{914216FA-55F5-42D5-8F31-183BD414010F}"
	ProjectSection(ProjectDependencies) = postProject
		{86639E96-4246-4E59-9D04-EA07252DCB8D} = {86639E96-4246-4E59-9D04-EA07252DCB8D}
	EndProjectSection
EndProject
Project("{8BC9CEB8-8B4A-11D0-8D11-00A0C91BC942}") = "Engine", "Engine\Engine.vcxproj", "{86639E96-4246-4E59-9D04-EA07252DCB8D}"
EndProject
Project("{8BC9CEB8-8B4A-11D0-8D11-00A0C91BC942}") = "TestLab", "TestLab\TestLab.vcxproj", "{6CE25196-898B-4CAB-8230-0E2698947067}"
	ProjectSection(ProjectDependencies) = postProject
		{86639E96-4246-4E59-9D04-EA07252DCB8D} = {86639E96-4246-4E59-9D04-EA07252DCB8D}
	EndProjectSection
EndProject
Project("{8BC9CEB8-8B4A-11D0-8D11-00A0C91BC942}") = "Core", "Core\Core.vcxproj", "{C3F8B197-B298-4B1B-9646-A34F2D4FA259}"
EndProject
Project("{8BC9CEB8-8B4A-11D0-8D11-00A0C91BC942}") = "Renderer", "Renderer\Renderer.vcxproj", "{CA9AC997-D255-4382-8D1C-9154AE9EF783}"
EndProject
Project("{8BC9CEB8-8B4A-11D0-8D11-00A0C91BC942}") = "Math", "Math\Math.vcxproj", "{5521E112-29A5-4D18-8624-FD00A54F2DC9}"
EndProject
Project("{8BC9CEB8-8B4A-11D0-8D11-00A0C91BC942}") = "Platform", "Platform\Platform.vcxproj", "{6B431F9B-FC1D-4705-8B8D-0EEF91228747}"
EndProject
Global
	GlobalSection(SolutionConfigurationPlatforms) = preSolution
		Debug|x64 = Debug|x64
		Debug|x86 = Debug|x86
		Release|x64 = Release|x64
		Release|x86 = Release|x86
	EndGlobalSection
	GlobalSection(ProjectConfigurationPlatforms) = postSolution
		{914216FA-55F5-42D5-8F31-183BD414010F}.Debug|x64.ActiveCfg = Debug|x64
		{914216FA-55F5-42D5-8F31-183BD414010F}.Debug|x64.Build.0 = Debug|x64
		{914216FA-55F5-42D5-8F31-183BD414010F}.Debug|x86.ActiveCfg = Debug|Win32
		{914216FA-55F5-42D5-8F31-183BD414010F}.Debug|x86.Build.0 = Debug|Win32
		{914216FA-55F5-42D5-8F31-183BD414010F}.Release|x64.ActiveCfg = Release|x64
		{914216FA-55F5-42D5-8F31-183BD414010F}.Release|x64.Build.0 = Release|x64
		{914216FA-55F5-42D5-8F31-183BD414010F}.Release|x86.ActiveCfg = Release|Win32
		{914216FA-55F5-42D5-8F31-183BD414010F}.Release|x86.Build.0 = Release|Win32
		{86639E96-4246-4E59-9D04-EA07252DCB8D}.Debug|x64.ActiveCfg = Debug|x64
		{86639E96-4246-4E59-9D04-EA07252DCB8D}.Debug|x64.Build.0 = Debug|x64
		{86639E96-4246-4E59-9D04-EA07252DCB8D}.Debug|x86.ActiveCfg = Debug|Win32
		{86639E96-4246-4E59-9D04-EA07252DCB8D}.Debug|x86.Build.0 = Debug|Win32
		{86639E96-4246-4E59-9D04-EA07252DCB8D}.Release|x64.ActiveCfg = Release|x64
		{86639E96-4246-4E59-9D04-EA07252DCB8D}.Release|x64.Build.0 = Release|x64
		{86639E96-4246-4E59-9D04-EA07252DCB8D}.Release|x86.ActiveCfg = Release|Win32
		{86639E96-4246-4E59-9D04-EA07252DCB8D}.Release|x86.Build.0 = Release|Win32
		{6CE25196-898B-4CAB-8230-0E2698947067}.Debug|x64.ActiveCfg = Debug|x64
		{6CE25196-898B-4CAB-8230-0E2698947067}.Debug|x64.Build.0 = Debug|x64
		{6CE25196-898B-4CAB-8230-0E2698947067}.Debug|x86.ActiveCfg = Debug|Win32
		{6CE25196-898B-4CAB-8230-0E2698947067}.Debug|x86.Build.0 = Debug|Win32
		{6CE25196-898B-4CAB-8230-0E2698947067}.Release|x64.ActiveCfg = Release|x64
		{6CE25196-898B-4CAB-8230-0E2698947067}.Release|x64.Build.0 = Release|x64
		{6CE25196-898B-4CAB-8230-0E2698947067}.Release|x86.ActiveCfg = Release|Win32
		{6CE25196-898B-4CAB-8230-0E2698947067}.Release|x86.Build.0 = Release|Win32
		{C3F8B197-B298-4B1B-9646-A34F2D4FA259}.Debug|x64.ActiveCfg = Debug|x64
		{C3F8B197-B298-4B1B-9646-A34F2D4FA259}.Debug|x64.Build.0 = Debug|x64
		{C3F8B197-B298-4B1B-9646-A34F2D4FA259}.Debug|x86.ActiveCfg = Debug|Win32
		{C3F8B197-B298-4B1B-9646-A34F2D4FA259}.Debug|x86.Build.0 = Debug|Win32
		{C3F8B197-B298-4B1B-9646-A34F2D4FA259}.Release|x64.ActiveCfg = Release|x64
		{C3F8B197-B298-4B1B-9646-A34F2D4FA259}.Release|x64.Build.0 = Release|x64
		{C3F8B197-B298-4B1B-9646-A34F2D4FA259}.Release|x86.ActiveCfg = Release|Win32
		{C3F8B197-B298-4B1B-9646-A34F2D4FA259}.Release|x86.Build.0 = Release|Win32
		{CA9AC997-D255-4382-8D1C-9154AE9EF783}.Debug|x64.ActiveCfg = Debug|x64
		{CA9AC997-D255-4382-8D1C-9154AE9EF783}.Debug|x64.Build.0 = Debug|x64
		{CA9AC997-D255-4382-8D1C-9154AE9EF783}.Debug|x86.ActiveCfg = Debug|Win32
		{CA9AC997-D255-4382-8D1C-9154AE9EF783}.Debug|x86.Build.0 = Debug|Win32
		{CA9AC997-D255-4382-8D1C-9154AE9EF783}.Release|x64.ActiveCfg = Release|x64
		{CA9AC997-D255-4382-8D1C-9154AE9EF783}.Release|x64.Build.0 = Release|x64
		{CA9AC997-D255-4382-8D1C-9154AE9EF783}.Release|x86.ActiveCfg = Release|Win32
		{CA9AC997-D255-4382-8D1C-9154AE9EF783}.Release|x86.Build.0 = Release|Win32
		{5521E112-29A5-4D18-8624-FD00A54F2DC9}.Debug|x64.ActiveCfg = Debug|x64
		{5521E112-29A5-4D18-8624-FD00A54F2DC9}.Debug|x64.Build.0 = Debug|x64
		{5521E112-29A5-4D18-8624-FD00A54F2DC9}.Debug|x86.ActiveCfg = Debug|Win32
		{5521E112-29A5-4D18-8624-FD00A54F2DC9}.Debug|x86.Build.0 = Debug|Win32
		{5521E112-29A5-4D18-8624-FD00A54F2DC9}.Release|x64.ActiveCfg = Release|x64
		{5521E112-29A5-4D18-8624-FD00A54F2DC9}.Release|x64.Build.0 = Release|x64
		{5521E112-29A5-4D18-8624-FD00A54F2DC9}.Release|x86.ActiveCfg = Release|Win32
		{5521E112-29A5-4D18-8624-FD00A54F2DC9}.Release|x86.Build.0 = Release|Win32
		{6B431F9B-FC1D-4705-8B8D-0EEF91228747}.Debug|x64.ActiveCfg = Debug|x64
		{6B431F9B-FC1D-4705-8B8D-0EEF91228747}.Debug|x64.Build.0 = Debug|x64
		{6B431F9B-FC1D-4705-8B8D-0EEF91228747}.Debug|x86.ActiveCfg = Debug|Win32
		{6B431F9B-FC1D-4705-8B8D-0EEF91228747}.Debug|x86.Build.0 = Debug|Win32
		{6B431F9B-FC1D-4705-8B8D-0EEF91228747}.Release|x64.ActiveCfg = Release|x64
		{6B431F9B-FC1D-4705-8B8D-0EEF91228747}.Release|x64.Build.0 = Release|x64
		{6B431F9B-FC1D-4705-8B8D-0EEF91228747}.Release|x86.ActiveCfg = Release|Win32
		{6B431F9B-FC1D-4705-8B8D-0EEF91228747}.Release|x86.Build.0 = Release|Win32
	EndGlobalSection
	GlobalSection(SolutionProperties) = preSolution
		HideSolutionNode = FALSE
	EndGlobalSection
	GlobalSection(ExtensibilityGlobals) = postSolution
		SolutionGuid = {7B102480-D39C-483F-9890-EA3C85A4654B}
	EndGlobalSection
EndGlobal
