<?xml version="1.0" encoding="utf-8"?>
<Project ToolsVersion="4.0" xmlns="http://schemas.microsoft.com/developer/msbuild/2003">
  <ItemGroup>
    <Filter Include="Public">
      <UniqueIdentifier>{93995380-89BD-4b04-88EB-625FBE52EBFB}</UniqueIdentifier>
      <Extensions>h;hh;hpp;hxx;h++;hm;inl;inc;ipp;xsd</Extensions>
    </Filter>
    <Filter Include="Private">
      <UniqueIdentifier>{4FC737F1-C7A5-4376-A066-2A32D752A2FF}</UniqueIdentifier>
      <Extensions>cpp;c;cc;cxx;c++;cppm;ixx;def;odl;idl;hpj;bat;asm;asmx</Extensions>
    </Filter>
  </ItemGroup>
  <ItemGroup>
    <ClCompile Include="Source\Private\glad.c">
      <Filter>Private</Filter>
    </ClCompile>
    <ClCompile Include="Source\Private\render_interface.cpp">
      <Filter>Private</Filter>
    </ClCompile>
    <ClCompile Include="Source\Private\shader.cpp">
      <Filter>Private</Filter>
    </ClCompile>
    <ClCompile Include="Source\Private\uniform_buffer.cpp">
      <Filter>Private</Filter>
    </ClCompile>
    <ClCompile Include="Source\Private\vertex.cpp">
      <Filter>Private</Filter>
    </ClCompile>
    <ClCompile Include="Source\Private\vertex_array.cpp">
      <Filter>Private</Filter>
    </ClCompile>
    <ClCompile Include="Source\Private\vertex_buffer.cpp">
      <Filter>Private</Filter>
    </ClCompile>
  </ItemGroup>
  <ItemGroup>
    <ClInclude Include="Source\Public\render_interface.h">
      <Filter>Public</Filter>
    </ClInclude>
    <ClInclude Include="Source\Public\shader.h">
      <Filter>Public</Filter>
    </ClInclude>
    <ClInclude Include="Source\Public\uniform_buffer.h">
      <Filter>Public</Filter>
    </ClInclude>
    <ClInclude Include="Source\Public\vertex.h">
      <Filter>Public</Filter>
    </ClInclude>
    <ClInclude Include="Source\Public\vertex_array.h">
      <Filter>Public</Filter>
    </ClInclude>
    <ClInclude Include="Source\Public\vertex_buffer.h">
      <Filter>Public</Filter>
    </ClInclude>
  </ItemGroup>
</Project>